// !$*UTF8*$!
{
	archiveVersion = 1;
	classes = {
	};
	objectVersion = 50;
	objects = {

/* Begin PBXBuildFile section */
		B202C5B72549E8FF00F26EE0 /* new_dict.txt in Resources */ = {isa = PBXBuildFile; fileRef = B202C5B62549E8FF00F26EE0 /* new_dict.txt */; };
		B202C5CB2549F89900F26EE0 /* SpeechRecognitionService.swift in Sources */ = {isa = PBXBuildFile; fileRef = B202C5CA2549F89900F26EE0 /* SpeechRecognitionService.swift */; };
		B2039F422542C71F002C092B /* Word.swift in Sources */ = {isa = PBXBuildFile; fileRef = B2039F412542C71F002C092B /* Word.swift */; };
		B2039F582542DF80002C092B /* XMLDictParcer.swift in Sources */ = {isa = PBXBuildFile; fileRef = B2039F572542DF80002C092B /* XMLDictParcer.swift */; };
		B20941942589F2A2001D1039 /* UIView + MakeViewExtension.swift in Sources */ = {isa = PBXBuildFile; fileRef = B20941932589F2A2001D1039 /* UIView + MakeViewExtension.swift */; };
		B2128C8425473281004195D0 /* SpeechViewController.swift in Sources */ = {isa = PBXBuildFile; fileRef = B2128C8325473281004195D0 /* SpeechViewController.swift */; };
		B22770CF2566650700EAFABC /* UIButton + MakeButtonExtension.swift in Sources */ = {isa = PBXBuildFile; fileRef = B22770CE2566650700EAFABC /* UIButton + MakeButtonExtension.swift */; };
		B22CFA23254BF947004C9171 /* CoreDataStack.swift in Sources */ = {isa = PBXBuildFile; fileRef = B22CFA22254BF947004C9171 /* CoreDataStack.swift */; };
		B22CFA32254C05A6004C9171 /* WordTrainer.xcdatamodeld in Sources */ = {isa = PBXBuildFile; fileRef = B22CFA30254C05A6004C9171 /* WordTrainer.xcdatamodeld */; };
		B22F3CA4254B222700A3703D /* XMLDictManager.swift in Sources */ = {isa = PBXBuildFile; fileRef = B22F3CA3254B222700A3703D /* XMLDictManager.swift */; };
		B22F3CA9254B369F00A3703D /* CoreDataManager.swift in Sources */ = {isa = PBXBuildFile; fileRef = B22F3CA8254B369F00A3703D /* CoreDataManager.swift */; };
		B22F7B07254611DB005BF1D0 /* CardViewController.swift in Sources */ = {isa = PBXBuildFile; fileRef = B22F7B06254611DB005BF1D0 /* CardViewController.swift */; };
		B234020B254AE442007417B7 /* RawDictWord.swift in Sources */ = {isa = PBXBuildFile; fileRef = B234020A254AE442007417B7 /* RawDictWord.swift */; };
		B2340210254AE460007417B7 /* Card.swift in Sources */ = {isa = PBXBuildFile; fileRef = B234020F254AE460007417B7 /* Card.swift */; };
		B2340215254AE488007417B7 /* List.swift in Sources */ = {isa = PBXBuildFile; fileRef = B2340214254AE488007417B7 /* List.swift */; };
		B2397D7325738254007A20EE /* ManagedWord+CoreDataClass.swift in Sources */ = {isa = PBXBuildFile; fileRef = B2397D6D25738254007A20EE /* ManagedWord+CoreDataClass.swift */; };
		B2397D7425738254007A20EE /* ManagedWord+CoreDataProperties.swift in Sources */ = {isa = PBXBuildFile; fileRef = B2397D6E25738254007A20EE /* ManagedWord+CoreDataProperties.swift */; };
		B2397D7525738254007A20EE /* ManagedCard+CoreDataClass.swift in Sources */ = {isa = PBXBuildFile; fileRef = B2397D6F25738254007A20EE /* ManagedCard+CoreDataClass.swift */; };
		B2397D7625738254007A20EE /* ManagedCard+CoreDataProperties.swift in Sources */ = {isa = PBXBuildFile; fileRef = B2397D7025738254007A20EE /* ManagedCard+CoreDataProperties.swift */; };
		B2397D7725738254007A20EE /* ManagedList+CoreDataClass.swift in Sources */ = {isa = PBXBuildFile; fileRef = B2397D7125738254007A20EE /* ManagedList+CoreDataClass.swift */; };
		B2397D7825738254007A20EE /* ManagedList+CoreDataProperties.swift in Sources */ = {isa = PBXBuildFile; fileRef = B2397D7225738254007A20EE /* ManagedList+CoreDataProperties.swift */; };
		B248F562258B4FC200480B02 /* CoordinatorProtocol.swift in Sources */ = {isa = PBXBuildFile; fileRef = B248F561258B4FC200480B02 /* CoordinatorProtocol.swift */; };
		B248F56B258B500700480B02 /* RoutrerProtocol.swift in Sources */ = {isa = PBXBuildFile; fileRef = B248F56A258B500700480B02 /* RoutrerProtocol.swift */; };
		B248F570258B506000480B02 /* Coordinator.swift in Sources */ = {isa = PBXBuildFile; fileRef = B248F56F258B506000480B02 /* Coordinator.swift */; };
		B248F575258B526800480B02 /* Router.swift in Sources */ = {isa = PBXBuildFile; fileRef = B248F574258B526800480B02 /* Router.swift */; };
		B249D6CB2546E7F000EF3424 /* SearchViewController.swift in Sources */ = {isa = PBXBuildFile; fileRef = B249D6CA2546E7F000EF3424 /* SearchViewController.swift */; };
		B251B78525509C0600DA0548 /* StringToDataTransformer.swift in Sources */ = {isa = PBXBuildFile; fileRef = B251B78425509C0600DA0548 /* StringToDataTransformer.swift */; };
		B252B768258BC21900E3EE02 /* CoreDataManagerTest.swift in Sources */ = {isa = PBXBuildFile; fileRef = B252B767258BC21900E3EE02 /* CoreDataManagerTest.swift */; };
		B252B76F258BC3CD00E3EE02 /* TestCoreDataStack.swift in Sources */ = {isa = PBXBuildFile; fileRef = B252B76E258BC3CD00E3EE02 /* TestCoreDataStack.swift */; };
		B26B41CF2598CCB3006EC2C0 /* UIImage + SystemImageExtension.swift in Sources */ = {isa = PBXBuildFile; fileRef = B26B41CE2598CCB3006EC2C0 /* UIImage + SystemImageExtension.swift */; };
		B26BAE7B255AAA1800F4895D /* SettingsModel.swift in Sources */ = {isa = PBXBuildFile; fileRef = B26BAE7A255AAA1800F4895D /* SettingsModel.swift */; };
		B27B627B2575102100798757 /* BookModel.swift in Sources */ = {isa = PBXBuildFile; fileRef = B27B627A2575102100798757 /* BookModel.swift */; };
		B27B62802575129E00798757 /* ListModel.swift in Sources */ = {isa = PBXBuildFile; fileRef = B27B627F2575129E00798757 /* ListModel.swift */; };
		B27B62852575139D00798757 /* SearchModel.swift in Sources */ = {isa = PBXBuildFile; fileRef = B27B62842575139D00798757 /* SearchModel.swift */; };
		B27B628A25751CE200798757 /* CardModel.swift in Sources */ = {isa = PBXBuildFile; fileRef = B27B628925751CE200798757 /* CardModel.swift */; };
		B27B628F25753B0A00798757 /* NewCardModel.swift in Sources */ = {isa = PBXBuildFile; fileRef = B27B628E25753B0A00798757 /* NewCardModel.swift */; };
		B27B6294257540CD00798757 /* NewCardViewController.swift in Sources */ = {isa = PBXBuildFile; fileRef = B27B6293257540CD00798757 /* NewCardViewController.swift */; };
		B28881302559889C00B2F558 /* CardTableViewCell.swift in Sources */ = {isa = PBXBuildFile; fileRef = B288812F2559889C00B2F558 /* CardTableViewCell.swift */; };
		B29225BF25794B7E00D87F13 /* SpeechModel.swift in Sources */ = {isa = PBXBuildFile; fileRef = B29225BE25794B7E00D87F13 /* SpeechModel.swift */; };
		B2BACFF02542C58700AF003F /* AppDelegate.swift in Sources */ = {isa = PBXBuildFile; fileRef = B2BACFEF2542C58700AF003F /* AppDelegate.swift */; };
		B2BACFF22542C58700AF003F /* SceneDelegate.swift in Sources */ = {isa = PBXBuildFile; fileRef = B2BACFF12542C58700AF003F /* SceneDelegate.swift */; };
		B2BACFF42542C58700AF003F /* SettingsViewController.swift in Sources */ = {isa = PBXBuildFile; fileRef = B2BACFF32542C58700AF003F /* SettingsViewController.swift */; };
		B2BACFF72542C58700AF003F /* Main.storyboard in Resources */ = {isa = PBXBuildFile; fileRef = B2BACFF52542C58700AF003F /* Main.storyboard */; };
		B2BACFFC2542C58800AF003F /* Assets.xcassets in Resources */ = {isa = PBXBuildFile; fileRef = B2BACFFB2542C58800AF003F /* Assets.xcassets */; };
		B2BACFFF2542C58800AF003F /* LaunchScreen.storyboard in Resources */ = {isa = PBXBuildFile; fileRef = B2BACFFD2542C58800AF003F /* LaunchScreen.storyboard */; };
		B2BAD00A2542C58900AF003F /* WordTrainerTests.swift in Sources */ = {isa = PBXBuildFile; fileRef = B2BAD0092542C58900AF003F /* WordTrainerTests.swift */; };
		B2BAD0152542C58900AF003F /* WordTrainerUITests.swift in Sources */ = {isa = PBXBuildFile; fileRef = B2BAD0142542C58900AF003F /* WordTrainerUITests.swift */; };
		B2BD6BFB258F81BB00DD97C5 /* SpeechSyntesizeService.swift in Sources */ = {isa = PBXBuildFile; fileRef = B2BD6BFA258F81BB00DD97C5 /* SpeechSyntesizeService.swift */; };
		B2BD6C06258FCEC800DD97C5 /* ImagedButton.swift in Sources */ = {isa = PBXBuildFile; fileRef = B2BD6C05258FCEC800DD97C5 /* ImagedButton.swift */; };
		B2CCC3E2257A1E6B002FF111 /* ModulesBuilder.swift in Sources */ = {isa = PBXBuildFile; fileRef = B2CCC3E1257A1E6B002FF111 /* ModulesBuilder.swift */; };
		B2CCC3E7257A2192002FF111 /* UILabel + MakeLabelExtencion.swift in Sources */ = {isa = PBXBuildFile; fileRef = B2CCC3E6257A2192002FF111 /* UILabel + MakeLabelExtencion.swift */; };
		B2CCC3EC257A24D0002FF111 /* UICollectionView + MakeCollectionViewExtencion.swift in Sources */ = {isa = PBXBuildFile; fileRef = B2CCC3EB257A24D0002FF111 /* UICollectionView + MakeCollectionViewExtencion.swift */; };
		B2CCC3F1257A2A11002FF111 /* UITableView + MakeTableViewExtencion.swift in Sources */ = {isa = PBXBuildFile; fileRef = B2CCC3F0257A2A11002FF111 /* UITableView + MakeTableViewExtencion.swift */; };
		B2CCC3F6257A2FEA002FF111 /* UITextField + MakeTextFieldEstencion.swift in Sources */ = {isa = PBXBuildFile; fileRef = B2CCC3F5257A2FEA002FF111 /* UITextField + MakeTextFieldEstencion.swift */; };
		B2CCC3FB257A30F2002FF111 /* UISearchBar + MakeSearchBarExtension.swift in Sources */ = {isa = PBXBuildFile; fileRef = B2CCC3FA257A30F2002FF111 /* UISearchBar + MakeSearchBarExtension.swift */; };
		B2D6AF9225444EC00079D8C9 /* BookViewController.swift in Sources */ = {isa = PBXBuildFile; fileRef = B2D6AF9125444EC00079D8C9 /* BookViewController.swift */; };
		B2EC75D72545605C0049F631 /* BookCollectionViewCell.swift in Sources */ = {isa = PBXBuildFile; fileRef = B2EC75D62545605C0049F631 /* BookCollectionViewCell.swift */; };
		B2EEC6B52545C90200587077 /* ListViewController.swift in Sources */ = {isa = PBXBuildFile; fileRef = B2EEC6B42545C90200587077 /* ListViewController.swift */; };
		B2EEC6BD2545E3AB00587077 /* ListTableViewCell.swift in Sources */ = {isa = PBXBuildFile; fileRef = B2EEC6BC2545E3AB00587077 /* ListTableViewCell.swift */; };
		B2F35A0E254461D0000364E3 /* CustomButton.swift in Sources */ = {isa = PBXBuildFile; fileRef = B2F35A0D254461D0000364E3 /* CustomButton.swift */; };
/* End PBXBuildFile section */

/* Begin PBXContainerItemProxy section */
		B2BAD0062542C58900AF003F /* PBXContainerItemProxy */ = {
			isa = PBXContainerItemProxy;
			containerPortal = B2BACFE42542C58700AF003F /* Project object */;
			proxyType = 1;
			remoteGlobalIDString = B2BACFEB2542C58700AF003F;
			remoteInfo = WordTrainer;
		};
		B2BAD0112542C58900AF003F /* PBXContainerItemProxy */ = {
			isa = PBXContainerItemProxy;
			containerPortal = B2BACFE42542C58700AF003F /* Project object */;
			proxyType = 1;
			remoteGlobalIDString = B2BACFEB2542C58700AF003F;
			remoteInfo = WordTrainer;
		};
/* End PBXContainerItemProxy section */

/* Begin PBXFileReference section */
		B202C5B62549E8FF00F26EE0 /* new_dict.txt */ = {isa = PBXFileReference; fileEncoding = 4; lastKnownFileType = text; path = new_dict.txt; sourceTree = "<group>"; };
		B202C5CA2549F89900F26EE0 /* SpeechRecognitionService.swift */ = {isa = PBXFileReference; lastKnownFileType = sourcecode.swift; path = SpeechRecognitionService.swift; sourceTree = "<group>"; };
		B2039F412542C71F002C092B /* Word.swift */ = {isa = PBXFileReference; lastKnownFileType = sourcecode.swift; path = Word.swift; sourceTree = "<group>"; };
		B2039F572542DF80002C092B /* XMLDictParcer.swift */ = {isa = PBXFileReference; lastKnownFileType = sourcecode.swift; path = XMLDictParcer.swift; sourceTree = "<group>"; };
		B20941932589F2A2001D1039 /* UIView + MakeViewExtension.swift */ = {isa = PBXFileReference; lastKnownFileType = sourcecode.swift; path = "UIView + MakeViewExtension.swift"; sourceTree = "<group>"; };
		B2128C8325473281004195D0 /* SpeechViewController.swift */ = {isa = PBXFileReference; lastKnownFileType = sourcecode.swift; path = SpeechViewController.swift; sourceTree = "<group>"; };
		B22770CE2566650700EAFABC /* UIButton + MakeButtonExtension.swift */ = {isa = PBXFileReference; lastKnownFileType = sourcecode.swift; path = "UIButton + MakeButtonExtension.swift"; sourceTree = "<group>"; };
		B22CFA22254BF947004C9171 /* CoreDataStack.swift */ = {isa = PBXFileReference; lastKnownFileType = sourcecode.swift; path = CoreDataStack.swift; sourceTree = "<group>"; };
		B22CFA31254C05A6004C9171 /* WordTrainer.xcdatamodel */ = {isa = PBXFileReference; lastKnownFileType = wrapper.xcdatamodel; path = WordTrainer.xcdatamodel; sourceTree = "<group>"; };
		B22F3CA3254B222700A3703D /* XMLDictManager.swift */ = {isa = PBXFileReference; lastKnownFileType = sourcecode.swift; path = XMLDictManager.swift; sourceTree = "<group>"; };
		B22F3CA8254B369F00A3703D /* CoreDataManager.swift */ = {isa = PBXFileReference; lastKnownFileType = sourcecode.swift; path = CoreDataManager.swift; sourceTree = "<group>"; };
		B22F7B06254611DB005BF1D0 /* CardViewController.swift */ = {isa = PBXFileReference; lastKnownFileType = sourcecode.swift; path = CardViewController.swift; sourceTree = "<group>"; };
		B234020A254AE442007417B7 /* RawDictWord.swift */ = {isa = PBXFileReference; lastKnownFileType = sourcecode.swift; path = RawDictWord.swift; sourceTree = "<group>"; };
		B234020F254AE460007417B7 /* Card.swift */ = {isa = PBXFileReference; lastKnownFileType = sourcecode.swift; path = Card.swift; sourceTree = "<group>"; };
		B2340214254AE488007417B7 /* List.swift */ = {isa = PBXFileReference; lastKnownFileType = sourcecode.swift; path = List.swift; sourceTree = "<group>"; };
		B2397D6D25738254007A20EE /* ManagedWord+CoreDataClass.swift */ = {isa = PBXFileReference; lastKnownFileType = sourcecode.swift; path = "ManagedWord+CoreDataClass.swift"; sourceTree = SOURCE_ROOT; };
		B2397D6E25738254007A20EE /* ManagedWord+CoreDataProperties.swift */ = {isa = PBXFileReference; lastKnownFileType = sourcecode.swift; path = "ManagedWord+CoreDataProperties.swift"; sourceTree = SOURCE_ROOT; };
		B2397D6F25738254007A20EE /* ManagedCard+CoreDataClass.swift */ = {isa = PBXFileReference; lastKnownFileType = sourcecode.swift; path = "ManagedCard+CoreDataClass.swift"; sourceTree = SOURCE_ROOT; };
		B2397D7025738254007A20EE /* ManagedCard+CoreDataProperties.swift */ = {isa = PBXFileReference; lastKnownFileType = sourcecode.swift; path = "ManagedCard+CoreDataProperties.swift"; sourceTree = SOURCE_ROOT; };
		B2397D7125738254007A20EE /* ManagedList+CoreDataClass.swift */ = {isa = PBXFileReference; lastKnownFileType = sourcecode.swift; path = "ManagedList+CoreDataClass.swift"; sourceTree = SOURCE_ROOT; };
		B2397D7225738254007A20EE /* ManagedList+CoreDataProperties.swift */ = {isa = PBXFileReference; lastKnownFileType = sourcecode.swift; path = "ManagedList+CoreDataProperties.swift"; sourceTree = SOURCE_ROOT; };
		B248F561258B4FC200480B02 /* CoordinatorProtocol.swift */ = {isa = PBXFileReference; lastKnownFileType = sourcecode.swift; path = CoordinatorProtocol.swift; sourceTree = "<group>"; };
		B248F56A258B500700480B02 /* RoutrerProtocol.swift */ = {isa = PBXFileReference; lastKnownFileType = sourcecode.swift; path = RoutrerProtocol.swift; sourceTree = "<group>"; };
		B248F56F258B506000480B02 /* Coordinator.swift */ = {isa = PBXFileReference; lastKnownFileType = sourcecode.swift; path = Coordinator.swift; sourceTree = "<group>"; };
		B248F574258B526800480B02 /* Router.swift */ = {isa = PBXFileReference; lastKnownFileType = sourcecode.swift; path = Router.swift; sourceTree = "<group>"; };
		B249D6CA2546E7F000EF3424 /* SearchViewController.swift */ = {isa = PBXFileReference; lastKnownFileType = sourcecode.swift; path = SearchViewController.swift; sourceTree = "<group>"; };
		B251B78425509C0600DA0548 /* StringToDataTransformer.swift */ = {isa = PBXFileReference; lastKnownFileType = sourcecode.swift; path = StringToDataTransformer.swift; sourceTree = "<group>"; };
		B252B767258BC21900E3EE02 /* CoreDataManagerTest.swift */ = {isa = PBXFileReference; lastKnownFileType = sourcecode.swift; path = CoreDataManagerTest.swift; sourceTree = "<group>"; };
		B252B76E258BC3CD00E3EE02 /* TestCoreDataStack.swift */ = {isa = PBXFileReference; lastKnownFileType = sourcecode.swift; path = TestCoreDataStack.swift; sourceTree = "<group>"; };
		B26B41CE2598CCB3006EC2C0 /* UIImage + SystemImageExtension.swift */ = {isa = PBXFileReference; lastKnownFileType = sourcecode.swift; path = "UIImage + SystemImageExtension.swift"; sourceTree = "<group>"; };
		B26BAE7A255AAA1800F4895D /* SettingsModel.swift */ = {isa = PBXFileReference; lastKnownFileType = sourcecode.swift; path = SettingsModel.swift; sourceTree = "<group>"; };
		B27B627A2575102100798757 /* BookModel.swift */ = {isa = PBXFileReference; lastKnownFileType = sourcecode.swift; path = BookModel.swift; sourceTree = "<group>"; };
		B27B627F2575129E00798757 /* ListModel.swift */ = {isa = PBXFileReference; lastKnownFileType = sourcecode.swift; path = ListModel.swift; sourceTree = "<group>"; };
		B27B62842575139D00798757 /* SearchModel.swift */ = {isa = PBXFileReference; lastKnownFileType = sourcecode.swift; path = SearchModel.swift; sourceTree = "<group>"; };
		B27B628925751CE200798757 /* CardModel.swift */ = {isa = PBXFileReference; lastKnownFileType = sourcecode.swift; path = CardModel.swift; sourceTree = "<group>"; };
		B27B628E25753B0A00798757 /* NewCardModel.swift */ = {isa = PBXFileReference; lastKnownFileType = sourcecode.swift; path = NewCardModel.swift; sourceTree = "<group>"; };
		B27B6293257540CD00798757 /* NewCardViewController.swift */ = {isa = PBXFileReference; lastKnownFileType = sourcecode.swift; path = NewCardViewController.swift; sourceTree = "<group>"; };
		B288812F2559889C00B2F558 /* CardTableViewCell.swift */ = {isa = PBXFileReference; lastKnownFileType = sourcecode.swift; path = CardTableViewCell.swift; sourceTree = "<group>"; };
		B29225BE25794B7E00D87F13 /* SpeechModel.swift */ = {isa = PBXFileReference; lastKnownFileType = sourcecode.swift; path = SpeechModel.swift; sourceTree = "<group>"; };
		B2BACFEC2542C58700AF003F /* WordTrainer.app */ = {isa = PBXFileReference; explicitFileType = wrapper.application; includeInIndex = 0; path = WordTrainer.app; sourceTree = BUILT_PRODUCTS_DIR; };
		B2BACFEF2542C58700AF003F /* AppDelegate.swift */ = {isa = PBXFileReference; lastKnownFileType = sourcecode.swift; path = AppDelegate.swift; sourceTree = "<group>"; };
		B2BACFF12542C58700AF003F /* SceneDelegate.swift */ = {isa = PBXFileReference; lastKnownFileType = sourcecode.swift; path = SceneDelegate.swift; sourceTree = "<group>"; };
		B2BACFF32542C58700AF003F /* SettingsViewController.swift */ = {isa = PBXFileReference; lastKnownFileType = sourcecode.swift; path = SettingsViewController.swift; sourceTree = "<group>"; };
		B2BACFF62542C58700AF003F /* Base */ = {isa = PBXFileReference; lastKnownFileType = file.storyboard; name = Base; path = Base.lproj/Main.storyboard; sourceTree = "<group>"; };
		B2BACFFB2542C58800AF003F /* Assets.xcassets */ = {isa = PBXFileReference; lastKnownFileType = folder.assetcatalog; path = Assets.xcassets; sourceTree = "<group>"; };
		B2BACFFE2542C58800AF003F /* Base */ = {isa = PBXFileReference; lastKnownFileType = file.storyboard; name = Base; path = Base.lproj/LaunchScreen.storyboard; sourceTree = "<group>"; };
		B2BAD0002542C58800AF003F /* Info.plist */ = {isa = PBXFileReference; lastKnownFileType = text.plist.xml; path = Info.plist; sourceTree = "<group>"; };
		B2BAD0052542C58900AF003F /* WordTrainerTests.xctest */ = {isa = PBXFileReference; explicitFileType = wrapper.cfbundle; includeInIndex = 0; path = WordTrainerTests.xctest; sourceTree = BUILT_PRODUCTS_DIR; };
		B2BAD0092542C58900AF003F /* WordTrainerTests.swift */ = {isa = PBXFileReference; lastKnownFileType = sourcecode.swift; path = WordTrainerTests.swift; sourceTree = "<group>"; };
		B2BAD00B2542C58900AF003F /* Info.plist */ = {isa = PBXFileReference; lastKnownFileType = text.plist.xml; path = Info.plist; sourceTree = "<group>"; };
		B2BAD0102542C58900AF003F /* WordTrainerUITests.xctest */ = {isa = PBXFileReference; explicitFileType = wrapper.cfbundle; includeInIndex = 0; path = WordTrainerUITests.xctest; sourceTree = BUILT_PRODUCTS_DIR; };
		B2BAD0142542C58900AF003F /* WordTrainerUITests.swift */ = {isa = PBXFileReference; lastKnownFileType = sourcecode.swift; path = WordTrainerUITests.swift; sourceTree = "<group>"; };
		B2BAD0162542C58900AF003F /* Info.plist */ = {isa = PBXFileReference; lastKnownFileType = text.plist.xml; path = Info.plist; sourceTree = "<group>"; };
		B2BD6BFA258F81BB00DD97C5 /* SpeechSyntesizeService.swift */ = {isa = PBXFileReference; lastKnownFileType = sourcecode.swift; path = SpeechSyntesizeService.swift; sourceTree = "<group>"; };
		B2BD6C05258FCEC800DD97C5 /* ImagedButton.swift */ = {isa = PBXFileReference; lastKnownFileType = sourcecode.swift; path = ImagedButton.swift; sourceTree = "<group>"; };
		B2CCC3E1257A1E6B002FF111 /* ModulesBuilder.swift */ = {isa = PBXFileReference; lastKnownFileType = sourcecode.swift; path = ModulesBuilder.swift; sourceTree = "<group>"; };
		B2CCC3E6257A2192002FF111 /* UILabel + MakeLabelExtencion.swift */ = {isa = PBXFileReference; lastKnownFileType = sourcecode.swift; path = "UILabel + MakeLabelExtencion.swift"; sourceTree = "<group>"; };
		B2CCC3EB257A24D0002FF111 /* UICollectionView + MakeCollectionViewExtencion.swift */ = {isa = PBXFileReference; lastKnownFileType = sourcecode.swift; path = "UICollectionView + MakeCollectionViewExtencion.swift"; sourceTree = "<group>"; };
		B2CCC3F0257A2A11002FF111 /* UITableView + MakeTableViewExtencion.swift */ = {isa = PBXFileReference; lastKnownFileType = sourcecode.swift; path = "UITableView + MakeTableViewExtencion.swift"; sourceTree = "<group>"; };
		B2CCC3F5257A2FEA002FF111 /* UITextField + MakeTextFieldEstencion.swift */ = {isa = PBXFileReference; lastKnownFileType = sourcecode.swift; path = "UITextField + MakeTextFieldEstencion.swift"; sourceTree = "<group>"; };
		B2CCC3FA257A30F2002FF111 /* UISearchBar + MakeSearchBarExtension.swift */ = {isa = PBXFileReference; lastKnownFileType = sourcecode.swift; path = "UISearchBar + MakeSearchBarExtension.swift"; sourceTree = "<group>"; };
		B2D6AF9125444EC00079D8C9 /* BookViewController.swift */ = {isa = PBXFileReference; lastKnownFileType = sourcecode.swift; path = BookViewController.swift; sourceTree = "<group>"; };
		B2EC75D62545605C0049F631 /* BookCollectionViewCell.swift */ = {isa = PBXFileReference; lastKnownFileType = sourcecode.swift; path = BookCollectionViewCell.swift; sourceTree = "<group>"; };
		B2EEC6B42545C90200587077 /* ListViewController.swift */ = {isa = PBXFileReference; lastKnownFileType = sourcecode.swift; path = ListViewController.swift; sourceTree = "<group>"; };
		B2EEC6BC2545E3AB00587077 /* ListTableViewCell.swift */ = {isa = PBXFileReference; lastKnownFileType = sourcecode.swift; path = ListTableViewCell.swift; sourceTree = "<group>"; };
		B2F35A0D254461D0000364E3 /* CustomButton.swift */ = {isa = PBXFileReference; lastKnownFileType = sourcecode.swift; path = CustomButton.swift; sourceTree = "<group>"; };
/* End PBXFileReference section */

/* Begin PBXFrameworksBuildPhase section */
		B2BACFE92542C58700AF003F /* Frameworks */ = {
			isa = PBXFrameworksBuildPhase;
			buildActionMask = 2147483647;
			files = (
			);
			runOnlyForDeploymentPostprocessing = 0;
		};
		B2BAD0022542C58900AF003F /* Frameworks */ = {
			isa = PBXFrameworksBuildPhase;
			buildActionMask = 2147483647;
			files = (
			);
			runOnlyForDeploymentPostprocessing = 0;
		};
		B2BAD00D2542C58900AF003F /* Frameworks */ = {
			isa = PBXFrameworksBuildPhase;
			buildActionMask = 2147483647;
			files = (
			);
			runOnlyForDeploymentPostprocessing = 0;
		};
/* End PBXFrameworksBuildPhase section */

/* Begin PBXGroup section */
		B202C5C32549F32000F26EE0 /* CoreDataClasses */ = {
			isa = PBXGroup;
			children = (
				B2397D6D25738254007A20EE /* ManagedWord+CoreDataClass.swift */,
				B2397D6E25738254007A20EE /* ManagedWord+CoreDataProperties.swift */,
				B2397D6F25738254007A20EE /* ManagedCard+CoreDataClass.swift */,
				B2397D7025738254007A20EE /* ManagedCard+CoreDataProperties.swift */,
				B2397D7125738254007A20EE /* ManagedList+CoreDataClass.swift */,
				B2397D7225738254007A20EE /* ManagedList+CoreDataProperties.swift */,
				B251B78425509C0600DA0548 /* StringToDataTransformer.swift */,
			);
			path = CoreDataClasses;
			sourceTree = "<group>";
		};
		B2039F402542C637002C092B /* Dicts */ = {
			isa = PBXGroup;
			children = (
				B202C5B62549E8FF00F26EE0 /* new_dict.txt */,
			);
			path = Dicts;
			sourceTree = "<group>";
		};
		B248F560258B4F8900480B02 /* Coordinator */ = {
			isa = PBXGroup;
			children = (
				B248F561258B4FC200480B02 /* CoordinatorProtocol.swift */,
				B248F56F258B506000480B02 /* Coordinator.swift */,
			);
			path = Coordinator;
			sourceTree = "<group>";
		};
		B248F569258B4FEA00480B02 /* Router */ = {
			isa = PBXGroup;
			children = (
				B248F56A258B500700480B02 /* RoutrerProtocol.swift */,
				B248F574258B526800480B02 /* Router.swift */,
			);
			path = Router;
			sourceTree = "<group>";
		};
		B27B627625750FE100798757 /* Models */ = {
			isa = PBXGroup;
			children = (
				B26BAE7A255AAA1800F4895D /* SettingsModel.swift */,
				B27B627A2575102100798757 /* BookModel.swift */,
				B27B627F2575129E00798757 /* ListModel.swift */,
				B27B62842575139D00798757 /* SearchModel.swift */,
				B27B628925751CE200798757 /* CardModel.swift */,
				B27B628E25753B0A00798757 /* NewCardModel.swift */,
				B29225BE25794B7E00D87F13 /* SpeechModel.swift */,
			);
			path = Models;
			sourceTree = "<group>";
		};
		B2BACFE32542C58700AF003F = {
			isa = PBXGroup;
			children = (
				B2BACFEE2542C58700AF003F /* WordTrainer */,
				B2BAD0082542C58900AF003F /* WordTrainerTests */,
				B2BAD0132542C58900AF003F /* WordTrainerUITests */,
				B2BACFED2542C58700AF003F /* Products */,
			);
			sourceTree = "<group>";
		};
		B2BACFED2542C58700AF003F /* Products */ = {
			isa = PBXGroup;
			children = (
				B2BACFEC2542C58700AF003F /* WordTrainer.app */,
				B2BAD0052542C58900AF003F /* WordTrainerTests.xctest */,
				B2BAD0102542C58900AF003F /* WordTrainerUITests.xctest */,
			);
			name = Products;
			sourceTree = "<group>";
		};
		B2BACFEE2542C58700AF003F /* WordTrainer */ = {
			isa = PBXGroup;
			children = (
				B2BACFEF2542C58700AF003F /* AppDelegate.swift */,
				B2BACFF12542C58700AF003F /* SceneDelegate.swift */,
				B2CCC3E1257A1E6B002FF111 /* ModulesBuilder.swift */,
				B2039F402542C637002C092B /* Dicts */,
				B248F560258B4F8900480B02 /* Coordinator */,
				B248F569258B4FEA00480B02 /* Router */,
				B202C5C32549F32000F26EE0 /* CoreDataClasses */,
				B2F35A22254475BE000364E3 /* Views */,
				B2F35A1725447583000364E3 /* ViewControllers */,
				B27B627625750FE100798757 /* Models */,
				B2F35A26254475CF000364E3 /* Helpers */,
				B2F35A1B254475A4000364E3 /* Model */,
				B2BACFFB2542C58800AF003F /* Assets.xcassets */,
				B2BACFFD2542C58800AF003F /* LaunchScreen.storyboard */,
				B2BACFF52542C58700AF003F /* Main.storyboard */,
				B2BAD0002542C58800AF003F /* Info.plist */,
				B22CFA30254C05A6004C9171 /* WordTrainer.xcdatamodeld */,
			);
			path = WordTrainer;
			sourceTree = "<group>";
		};
		B2BAD0082542C58900AF003F /* WordTrainerTests */ = {
			isa = PBXGroup;
			children = (
				B2BAD0092542C58900AF003F /* WordTrainerTests.swift */,
				B2BAD00B2542C58900AF003F /* Info.plist */,
				B252B767258BC21900E3EE02 /* CoreDataManagerTest.swift */,
				B252B76E258BC3CD00E3EE02 /* TestCoreDataStack.swift */,
			);
			path = WordTrainerTests;
			sourceTree = "<group>";
		};
		B2BAD0132542C58900AF003F /* WordTrainerUITests */ = {
			isa = PBXGroup;
			children = (
				B2BAD0142542C58900AF003F /* WordTrainerUITests.swift */,
				B2BAD0162542C58900AF003F /* Info.plist */,
			);
			path = WordTrainerUITests;
			sourceTree = "<group>";
		};
		B2F35A1725447583000364E3 /* ViewControllers */ = {
			isa = PBXGroup;
			children = (
				B2BACFF32542C58700AF003F /* SettingsViewController.swift */,
				B2D6AF9125444EC00079D8C9 /* BookViewController.swift */,
				B2EEC6B42545C90200587077 /* ListViewController.swift */,
				B249D6CA2546E7F000EF3424 /* SearchViewController.swift */,
				B22F7B06254611DB005BF1D0 /* CardViewController.swift */,
				B27B6293257540CD00798757 /* NewCardViewController.swift */,
				B2128C8325473281004195D0 /* SpeechViewController.swift */,
			);
			path = ViewControllers;
			sourceTree = "<group>";
		};
		B2F35A1B254475A4000364E3 /* Model */ = {
			isa = PBXGroup;
			children = (
				B2039F412542C71F002C092B /* Word.swift */,
				B234020F254AE460007417B7 /* Card.swift */,
				B2340214254AE488007417B7 /* List.swift */,
				B234020A254AE442007417B7 /* RawDictWord.swift */,
			);
			path = Model;
			sourceTree = "<group>";
		};
		B2F35A22254475BE000364E3 /* Views */ = {
			isa = PBXGroup;
			children = (
				B2F35A0D254461D0000364E3 /* CustomButton.swift */,
				B26B41CE2598CCB3006EC2C0 /* UIImage + SystemImageExtension.swift */,
				B2BD6C05258FCEC800DD97C5 /* ImagedButton.swift */,
				B22770CE2566650700EAFABC /* UIButton + MakeButtonExtension.swift */,
				B20941932589F2A2001D1039 /* UIView + MakeViewExtension.swift */,
				B2CCC3E6257A2192002FF111 /* UILabel + MakeLabelExtencion.swift */,
				B2CCC3FA257A30F2002FF111 /* UISearchBar + MakeSearchBarExtension.swift */,
				B2CCC3EB257A24D0002FF111 /* UICollectionView + MakeCollectionViewExtencion.swift */,
				B2CCC3F5257A2FEA002FF111 /* UITextField + MakeTextFieldEstencion.swift */,
				B2CCC3F0257A2A11002FF111 /* UITableView + MakeTableViewExtencion.swift */,
				B2EC75D62545605C0049F631 /* BookCollectionViewCell.swift */,
				B2EEC6BC2545E3AB00587077 /* ListTableViewCell.swift */,
				B288812F2559889C00B2F558 /* CardTableViewCell.swift */,
			);
			path = Views;
			sourceTree = "<group>";
		};
		B2F35A26254475CF000364E3 /* Helpers */ = {
			isa = PBXGroup;
			children = (
				B22F3CA8254B369F00A3703D /* CoreDataManager.swift */,
				B22CFA22254BF947004C9171 /* CoreDataStack.swift */,
				B22F3CA3254B222700A3703D /* XMLDictManager.swift */,
				B2039F572542DF80002C092B /* XMLDictParcer.swift */,
				B2BD6BFA258F81BB00DD97C5 /* SpeechSyntesizeService.swift */,
				B202C5CA2549F89900F26EE0 /* SpeechRecognitionService.swift */,
			);
			path = Helpers;
			sourceTree = "<group>";
		};
/* End PBXGroup section */

/* Begin PBXNativeTarget section */
		B2BACFEB2542C58700AF003F /* WordTrainer */ = {
			isa = PBXNativeTarget;
			buildConfigurationList = B2BAD0192542C58900AF003F /* Build configuration list for PBXNativeTarget "WordTrainer" */;
			buildPhases = (
				B2BACFE82542C58700AF003F /* Sources */,
				B2BACFE92542C58700AF003F /* Frameworks */,
				B2BACFEA2542C58700AF003F /* Resources */,
			);
			buildRules = (
			);
			dependencies = (
			);
			name = WordTrainer;
			packageProductDependencies = (
			);
			productName = WordTrainer;
			productReference = B2BACFEC2542C58700AF003F /* WordTrainer.app */;
			productType = "com.apple.product-type.application";
		};
		B2BAD0042542C58900AF003F /* WordTrainerTests */ = {
			isa = PBXNativeTarget;
			buildConfigurationList = B2BAD01C2542C58900AF003F /* Build configuration list for PBXNativeTarget "WordTrainerTests" */;
			buildPhases = (
				B2BAD0012542C58900AF003F /* Sources */,
				B2BAD0022542C58900AF003F /* Frameworks */,
				B2BAD0032542C58900AF003F /* Resources */,
			);
			buildRules = (
			);
			dependencies = (
				B2BAD0072542C58900AF003F /* PBXTargetDependency */,
			);
			name = WordTrainerTests;
			productName = WordTrainerTests;
			productReference = B2BAD0052542C58900AF003F /* WordTrainerTests.xctest */;
			productType = "com.apple.product-type.bundle.unit-test";
		};
		B2BAD00F2542C58900AF003F /* WordTrainerUITests */ = {
			isa = PBXNativeTarget;
			buildConfigurationList = B2BAD01F2542C58900AF003F /* Build configuration list for PBXNativeTarget "WordTrainerUITests" */;
			buildPhases = (
				B2BAD00C2542C58900AF003F /* Sources */,
				B2BAD00D2542C58900AF003F /* Frameworks */,
				B2BAD00E2542C58900AF003F /* Resources */,
			);
			buildRules = (
			);
			dependencies = (
				B2BAD0122542C58900AF003F /* PBXTargetDependency */,
			);
			name = WordTrainerUITests;
			productName = WordTrainerUITests;
			productReference = B2BAD0102542C58900AF003F /* WordTrainerUITests.xctest */;
			productType = "com.apple.product-type.bundle.ui-testing";
		};
/* End PBXNativeTarget section */

/* Begin PBXProject section */
		B2BACFE42542C58700AF003F /* Project object */ = {
			isa = PBXProject;
			attributes = {
				LastSwiftUpdateCheck = 1210;
				LastUpgradeCheck = 1210;
				TargetAttributes = {
					B2BACFEB2542C58700AF003F = {
						CreatedOnToolsVersion = 12.1;
					};
					B2BAD0042542C58900AF003F = {
						CreatedOnToolsVersion = 12.1;
						TestTargetID = B2BACFEB2542C58700AF003F;
					};
					B2BAD00F2542C58900AF003F = {
						CreatedOnToolsVersion = 12.1;
						TestTargetID = B2BACFEB2542C58700AF003F;
					};
				};
			};
			buildConfigurationList = B2BACFE72542C58700AF003F /* Build configuration list for PBXProject "WordTrainer" */;
			compatibilityVersion = "Xcode 9.3";
			developmentRegion = en;
			hasScannedForEncodings = 0;
			knownRegions = (
				en,
				Base,
			);
			mainGroup = B2BACFE32542C58700AF003F;
			packageReferences = (
			);
			productRefGroup = B2BACFED2542C58700AF003F /* Products */;
			projectDirPath = "";
			projectRoot = "";
			targets = (
				B2BACFEB2542C58700AF003F /* WordTrainer */,
				B2BAD0042542C58900AF003F /* WordTrainerTests */,
				B2BAD00F2542C58900AF003F /* WordTrainerUITests */,
			);
		};
/* End PBXProject section */

/* Begin PBXResourcesBuildPhase section */
		B2BACFEA2542C58700AF003F /* Resources */ = {
			isa = PBXResourcesBuildPhase;
			buildActionMask = 2147483647;
			files = (
				B2BACFFF2542C58800AF003F /* LaunchScreen.storyboard in Resources */,
				B2BACFFC2542C58800AF003F /* Assets.xcassets in Resources */,
				B202C5B72549E8FF00F26EE0 /* new_dict.txt in Resources */,
				B2BACFF72542C58700AF003F /* Main.storyboard in Resources */,
			);
			runOnlyForDeploymentPostprocessing = 0;
		};
		B2BAD0032542C58900AF003F /* Resources */ = {
			isa = PBXResourcesBuildPhase;
			buildActionMask = 2147483647;
			files = (
			);
			runOnlyForDeploymentPostprocessing = 0;
		};
		B2BAD00E2542C58900AF003F /* Resources */ = {
			isa = PBXResourcesBuildPhase;
			buildActionMask = 2147483647;
			files = (
			);
			runOnlyForDeploymentPostprocessing = 0;
		};
/* End PBXResourcesBuildPhase section */

/* Begin PBXSourcesBuildPhase section */
		B2BACFE82542C58700AF003F /* Sources */ = {
			isa = PBXSourcesBuildPhase;
			buildActionMask = 2147483647;
			files = (
				B234020B254AE442007417B7 /* RawDictWord.swift in Sources */,
				B22CFA23254BF947004C9171 /* CoreDataStack.swift in Sources */,
				B2CCC3E2257A1E6B002FF111 /* ModulesBuilder.swift in Sources */,
				B248F56B258B500700480B02 /* RoutrerProtocol.swift in Sources */,
				B2BACFF42542C58700AF003F /* SettingsViewController.swift in Sources */,
				B249D6CB2546E7F000EF3424 /* SearchViewController.swift in Sources */,
				B2128C8425473281004195D0 /* SpeechViewController.swift in Sources */,
				B27B628A25751CE200798757 /* CardModel.swift in Sources */,
				B26B41CF2598CCB3006EC2C0 /* UIImage + SystemImageExtension.swift in Sources */,
				B202C5CB2549F89900F26EE0 /* SpeechRecognitionService.swift in Sources */,
				B2CCC3EC257A24D0002FF111 /* UICollectionView + MakeCollectionViewExtencion.swift in Sources */,
				B27B6294257540CD00798757 /* NewCardViewController.swift in Sources */,
				B22F3CA4254B222700A3703D /* XMLDictManager.swift in Sources */,
				B248F575258B526800480B02 /* Router.swift in Sources */,
				B2397D7425738254007A20EE /* ManagedWord+CoreDataProperties.swift in Sources */,
				B2D6AF9225444EC00079D8C9 /* BookViewController.swift in Sources */,
				B2EC75D72545605C0049F631 /* BookCollectionViewCell.swift in Sources */,
				B2397D7725738254007A20EE /* ManagedList+CoreDataClass.swift in Sources */,
				B2397D7525738254007A20EE /* ManagedCard+CoreDataClass.swift in Sources */,
				B2EEC6B52545C90200587077 /* ListViewController.swift in Sources */,
				B22770CF2566650700EAFABC /* UIButton + MakeButtonExtension.swift in Sources */,
				B2BD6BFB258F81BB00DD97C5 /* SpeechSyntesizeService.swift in Sources */,
				B2397D7325738254007A20EE /* ManagedWord+CoreDataClass.swift in Sources */,
				B2039F422542C71F002C092B /* Word.swift in Sources */,
				B20941942589F2A2001D1039 /* UIView + MakeViewExtension.swift in Sources */,
				B2F35A0E254461D0000364E3 /* CustomButton.swift in Sources */,
				B27B62852575139D00798757 /* SearchModel.swift in Sources */,
				B251B78525509C0600DA0548 /* StringToDataTransformer.swift in Sources */,
				B2CCC3F6257A2FEA002FF111 /* UITextField + MakeTextFieldEstencion.swift in Sources */,
				B2CCC3E7257A2192002FF111 /* UILabel + MakeLabelExtencion.swift in Sources */,
				B2397D7825738254007A20EE /* ManagedList+CoreDataProperties.swift in Sources */,
				B22F3CA9254B369F00A3703D /* CoreDataManager.swift in Sources */,
				B27B628F25753B0A00798757 /* NewCardModel.swift in Sources */,
				B2039F582542DF80002C092B /* XMLDictParcer.swift in Sources */,
				B22CFA32254C05A6004C9171 /* WordTrainer.xcdatamodeld in Sources */,
				B26BAE7B255AAA1800F4895D /* SettingsModel.swift in Sources */,
				B27B627B2575102100798757 /* BookModel.swift in Sources */,
				B248F562258B4FC200480B02 /* CoordinatorProtocol.swift in Sources */,
				B2340215254AE488007417B7 /* List.swift in Sources */,
				B2397D7625738254007A20EE /* ManagedCard+CoreDataProperties.swift in Sources */,
				B27B62802575129E00798757 /* ListModel.swift in Sources */,
				B22F7B07254611DB005BF1D0 /* CardViewController.swift in Sources */,
				B2340210254AE460007417B7 /* Card.swift in Sources */,
				B2BACFF02542C58700AF003F /* AppDelegate.swift in Sources */,
				B2CCC3F1257A2A11002FF111 /* UITableView + MakeTableViewExtencion.swift in Sources */,
				B2BD6C06258FCEC800DD97C5 /* ImagedButton.swift in Sources */,
				B248F570258B506000480B02 /* Coordinator.swift in Sources */,
				B2CCC3FB257A30F2002FF111 /* UISearchBar + MakeSearchBarExtension.swift in Sources */,
				B2BACFF22542C58700AF003F /* SceneDelegate.swift in Sources */,
				B29225BF25794B7E00D87F13 /* SpeechModel.swift in Sources */,
				B2EEC6BD2545E3AB00587077 /* ListTableViewCell.swift in Sources */,
				B28881302559889C00B2F558 /* CardTableViewCell.swift in Sources */,
			);
			runOnlyForDeploymentPostprocessing = 0;
		};
		B2BAD0012542C58900AF003F /* Sources */ = {
			isa = PBXSourcesBuildPhase;
			buildActionMask = 2147483647;
			files = (
				B252B768258BC21900E3EE02 /* CoreDataManagerTest.swift in Sources */,
				B2BAD00A2542C58900AF003F /* WordTrainerTests.swift in Sources */,
				B252B76F258BC3CD00E3EE02 /* TestCoreDataStack.swift in Sources */,
			);
			runOnlyForDeploymentPostprocessing = 0;
		};
		B2BAD00C2542C58900AF003F /* Sources */ = {
			isa = PBXSourcesBuildPhase;
			buildActionMask = 2147483647;
			files = (
				B2BAD0152542C58900AF003F /* WordTrainerUITests.swift in Sources */,
			);
			runOnlyForDeploymentPostprocessing = 0;
		};
/* End PBXSourcesBuildPhase section */

/* Begin PBXTargetDependency section */
		B2BAD0072542C58900AF003F /* PBXTargetDependency */ = {
			isa = PBXTargetDependency;
			target = B2BACFEB2542C58700AF003F /* WordTrainer */;
			targetProxy = B2BAD0062542C58900AF003F /* PBXContainerItemProxy */;
		};
		B2BAD0122542C58900AF003F /* PBXTargetDependency */ = {
			isa = PBXTargetDependency;
			target = B2BACFEB2542C58700AF003F /* WordTrainer */;
			targetProxy = B2BAD0112542C58900AF003F /* PBXContainerItemProxy */;
		};
/* End PBXTargetDependency section */

/* Begin PBXVariantGroup section */
		B2BACFF52542C58700AF003F /* Main.storyboard */ = {
			isa = PBXVariantGroup;
			children = (
				B2BACFF62542C58700AF003F /* Base */,
			);
			name = Main.storyboard;
			sourceTree = "<group>";
		};
		B2BACFFD2542C58800AF003F /* LaunchScreen.storyboard */ = {
			isa = PBXVariantGroup;
			children = (
				B2BACFFE2542C58800AF003F /* Base */,
			);
			name = LaunchScreen.storyboard;
			sourceTree = "<group>";
		};
/* End PBXVariantGroup section */

/* Begin XCBuildConfiguration section */
		B2BAD0172542C58900AF003F /* Debug */ = {
			isa = XCBuildConfiguration;
			buildSettings = {
				ALWAYS_SEARCH_USER_PATHS = NO;
				CLANG_ANALYZER_NONNULL = YES;
				CLANG_ANALYZER_NUMBER_OBJECT_CONVERSION = YES_AGGRESSIVE;
				CLANG_CXX_LANGUAGE_STANDARD = "gnu++14";
				CLANG_CXX_LIBRARY = "libc++";
				CLANG_ENABLE_MODULES = YES;
				CLANG_ENABLE_OBJC_ARC = YES;
				CLANG_ENABLE_OBJC_WEAK = YES;
				CLANG_WARN_BLOCK_CAPTURE_AUTORELEASING = YES;
				CLANG_WARN_BOOL_CONVERSION = YES;
				CLANG_WARN_COMMA = YES;
				CLANG_WARN_CONSTANT_CONVERSION = YES;
				CLANG_WARN_DEPRECATED_OBJC_IMPLEMENTATIONS = YES;
				CLANG_WARN_DIRECT_OBJC_ISA_USAGE = YES_ERROR;
				CLANG_WARN_DOCUMENTATION_COMMENTS = YES;
				CLANG_WARN_EMPTY_BODY = YES;
				CLANG_WARN_ENUM_CONVERSION = YES;
				CLANG_WARN_INFINITE_RECURSION = YES;
				CLANG_WARN_INT_CONVERSION = YES;
				CLANG_WARN_NON_LITERAL_NULL_CONVERSION = YES;
				CLANG_WARN_OBJC_IMPLICIT_RETAIN_SELF = YES;
				CLANG_WARN_OBJC_LITERAL_CONVERSION = YES;
				CLANG_WARN_OBJC_ROOT_CLASS = YES_ERROR;
				CLANG_WARN_QUOTED_INCLUDE_IN_FRAMEWORK_HEADER = YES;
				CLANG_WARN_RANGE_LOOP_ANALYSIS = YES;
				CLANG_WARN_STRICT_PROTOTYPES = YES;
				CLANG_WARN_SUSPICIOUS_MOVE = YES;
				CLANG_WARN_UNGUARDED_AVAILABILITY = YES_AGGRESSIVE;
				CLANG_WARN_UNREACHABLE_CODE = YES;
				CLANG_WARN__DUPLICATE_METHOD_MATCH = YES;
				COPY_PHASE_STRIP = NO;
				DEBUG_INFORMATION_FORMAT = dwarf;
				ENABLE_STRICT_OBJC_MSGSEND = YES;
				ENABLE_TESTABILITY = YES;
				GCC_C_LANGUAGE_STANDARD = gnu11;
				GCC_DYNAMIC_NO_PIC = NO;
				GCC_NO_COMMON_BLOCKS = YES;
				GCC_OPTIMIZATION_LEVEL = 0;
				GCC_PREPROCESSOR_DEFINITIONS = (
					"DEBUG=1",
					"$(inherited)",
				);
				GCC_WARN_64_TO_32_BIT_CONVERSION = YES;
				GCC_WARN_ABOUT_RETURN_TYPE = YES_ERROR;
				GCC_WARN_UNDECLARED_SELECTOR = YES;
				GCC_WARN_UNINITIALIZED_AUTOS = YES_AGGRESSIVE;
				GCC_WARN_UNUSED_FUNCTION = YES;
				GCC_WARN_UNUSED_VARIABLE = YES;
				IPHONEOS_DEPLOYMENT_TARGET = 14.0;
				MTL_ENABLE_DEBUG_INFO = INCLUDE_SOURCE;
				MTL_FAST_MATH = YES;
				ONLY_ACTIVE_ARCH = YES;
				SDKROOT = iphoneos;
				SWIFT_ACTIVE_COMPILATION_CONDITIONS = DEBUG;
				SWIFT_OPTIMIZATION_LEVEL = "-Onone";
			};
			name = Debug;
		};
		B2BAD0182542C58900AF003F /* Release */ = {
			isa = XCBuildConfiguration;
			buildSettings = {
				ALWAYS_SEARCH_USER_PATHS = NO;
				CLANG_ANALYZER_NONNULL = YES;
				CLANG_ANALYZER_NUMBER_OBJECT_CONVERSION = YES_AGGRESSIVE;
				CLANG_CXX_LANGUAGE_STANDARD = "gnu++14";
				CLANG_CXX_LIBRARY = "libc++";
				CLANG_ENABLE_MODULES = YES;
				CLANG_ENABLE_OBJC_ARC = YES;
				CLANG_ENABLE_OBJC_WEAK = YES;
				CLANG_WARN_BLOCK_CAPTURE_AUTORELEASING = YES;
				CLANG_WARN_BOOL_CONVERSION = YES;
				CLANG_WARN_COMMA = YES;
				CLANG_WARN_CONSTANT_CONVERSION = YES;
				CLANG_WARN_DEPRECATED_OBJC_IMPLEMENTATIONS = YES;
				CLANG_WARN_DIRECT_OBJC_ISA_USAGE = YES_ERROR;
				CLANG_WARN_DOCUMENTATION_COMMENTS = YES;
				CLANG_WARN_EMPTY_BODY = YES;
				CLANG_WARN_ENUM_CONVERSION = YES;
				CLANG_WARN_INFINITE_RECURSION = YES;
				CLANG_WARN_INT_CONVERSION = YES;
				CLANG_WARN_NON_LITERAL_NULL_CONVERSION = YES;
				CLANG_WARN_OBJC_IMPLICIT_RETAIN_SELF = YES;
				CLANG_WARN_OBJC_LITERAL_CONVERSION = YES;
				CLANG_WARN_OBJC_ROOT_CLASS = YES_ERROR;
				CLANG_WARN_QUOTED_INCLUDE_IN_FRAMEWORK_HEADER = YES;
				CLANG_WARN_RANGE_LOOP_ANALYSIS = YES;
				CLANG_WARN_STRICT_PROTOTYPES = YES;
				CLANG_WARN_SUSPICIOUS_MOVE = YES;
				CLANG_WARN_UNGUARDED_AVAILABILITY = YES_AGGRESSIVE;
				CLANG_WARN_UNREACHABLE_CODE = YES;
				CLANG_WARN__DUPLICATE_METHOD_MATCH = YES;
				COPY_PHASE_STRIP = NO;
				DEBUG_INFORMATION_FORMAT = "dwarf-with-dsym";
				ENABLE_NS_ASSERTIONS = NO;
				ENABLE_STRICT_OBJC_MSGSEND = YES;
				GCC_C_LANGUAGE_STANDARD = gnu11;
				GCC_NO_COMMON_BLOCKS = YES;
				GCC_WARN_64_TO_32_BIT_CONVERSION = YES;
				GCC_WARN_ABOUT_RETURN_TYPE = YES_ERROR;
				GCC_WARN_UNDECLARED_SELECTOR = YES;
				GCC_WARN_UNINITIALIZED_AUTOS = YES_AGGRESSIVE;
				GCC_WARN_UNUSED_FUNCTION = YES;
				GCC_WARN_UNUSED_VARIABLE = YES;
				IPHONEOS_DEPLOYMENT_TARGET = 14.0;
				MTL_ENABLE_DEBUG_INFO = NO;
				MTL_FAST_MATH = YES;
				SDKROOT = iphoneos;
				SWIFT_COMPILATION_MODE = wholemodule;
				SWIFT_OPTIMIZATION_LEVEL = "-O";
				VALIDATE_PRODUCT = YES;
			};
			name = Release;
		};
		B2BAD01A2542C58900AF003F /* Debug */ = {
			isa = XCBuildConfiguration;
			buildSettings = {
				ASSETCATALOG_COMPILER_APPICON_NAME = AppIcon;
				ASSETCATALOG_COMPILER_GLOBAL_ACCENT_COLOR_NAME = AccentColor;
				CODE_SIGN_STYLE = Automatic;
				DEVELOPMENT_TEAM = 433Y8LVG66;
				INFOPLIST_FILE = WordTrainer/Info.plist;
				LD_RUNPATH_SEARCH_PATHS = (
					"$(inherited)",
					"@executable_path/Frameworks",
				);
				PRODUCT_BUNDLE_IDENTIFIER = com.zuiokandrii.WordTrainer;
				PRODUCT_NAME = "$(TARGET_NAME)";
				SWIFT_VERSION = 5.0;
				TARGETED_DEVICE_FAMILY = "1,2";
			};
			name = Debug;
		};
		B2BAD01B2542C58900AF003F /* Release */ = {
			isa = XCBuildConfiguration;
			buildSettings = {
				ASSETCATALOG_COMPILER_APPICON_NAME = AppIcon;
				ASSETCATALOG_COMPILER_GLOBAL_ACCENT_COLOR_NAME = AccentColor;
				CODE_SIGN_STYLE = Automatic;
				DEVELOPMENT_TEAM = 433Y8LVG66;
				INFOPLIST_FILE = WordTrainer/Info.plist;
				LD_RUNPATH_SEARCH_PATHS = (
					"$(inherited)",
					"@executable_path/Frameworks",
				);
				PRODUCT_BUNDLE_IDENTIFIER = com.zuiokandrii.WordTrainer;
				PRODUCT_NAME = "$(TARGET_NAME)";
				SWIFT_VERSION = 5.0;
				TARGETED_DEVICE_FAMILY = "1,2";
			};
			name = Release;
		};
		B2BAD01D2542C58900AF003F /* Debug */ = {
			isa = XCBuildConfiguration;
			buildSettings = {
				ALWAYS_EMBED_SWIFT_STANDARD_LIBRARIES = YES;
				BUNDLE_LOADER = "$(TEST_HOST)";
				CODE_SIGN_STYLE = Automatic;
				DEVELOPMENT_TEAM = 433Y8LVG66;
				INFOPLIST_FILE = WordTrainerTests/Info.plist;
				IPHONEOS_DEPLOYMENT_TARGET = 14.1;
				LD_RUNPATH_SEARCH_PATHS = (
					"$(inherited)",
					"@executable_path/Frameworks",
					"@loader_path/Frameworks",
				);
				PRODUCT_BUNDLE_IDENTIFIER = com.zuiokandrii.WordTrainerTests;
				PRODUCT_NAME = "$(TARGET_NAME)";
				SWIFT_VERSION = 5.0;
				TARGETED_DEVICE_FAMILY = "1,2";
				TEST_HOST = "$(BUILT_PRODUCTS_DIR)/WordTrainer.app/WordTrainer";
			};
			name = Debug;
		};
		B2BAD01E2542C58900AF003F /* Release */ = {
			isa = XCBuildConfiguration;
			buildSettings = {
				ALWAYS_EMBED_SWIFT_STANDARD_LIBRARIES = YES;
				BUNDLE_LOADER = "$(TEST_HOST)";
				CODE_SIGN_STYLE = Automatic;
				DEVELOPMENT_TEAM = 433Y8LVG66;
				INFOPLIST_FILE = WordTrainerTests/Info.plist;
				IPHONEOS_DEPLOYMENT_TARGET = 14.1;
				LD_RUNPATH_SEARCH_PATHS = (
					"$(inherited)",
					"@executable_path/Frameworks",
					"@loader_path/Frameworks",
				);
				PRODUCT_BUNDLE_IDENTIFIER = com.zuiokandrii.WordTrainerTests;
				PRODUCT_NAME = "$(TARGET_NAME)";
				SWIFT_VERSION = 5.0;
				TARGETED_DEVICE_FAMILY = "1,2";
				TEST_HOST = "$(BUILT_PRODUCTS_DIR)/WordTrainer.app/WordTrainer";
			};
			name = Release;
		};
		B2BAD0202542C58900AF003F /* Debug */ = {
			isa = XCBuildConfiguration;
			buildSettings = {
				ALWAYS_EMBED_SWIFT_STANDARD_LIBRARIES = YES;
				CODE_SIGN_STYLE = Automatic;
				DEVELOPMENT_TEAM = 433Y8LVG66;
				INFOPLIST_FILE = WordTrainerUITests/Info.plist;
				LD_RUNPATH_SEARCH_PATHS = (
					"$(inherited)",
					"@executable_path/Frameworks",
					"@loader_path/Frameworks",
				);
				PRODUCT_BUNDLE_IDENTIFIER = com.zuiokandrii.WordTrainerUITests;
				PRODUCT_NAME = "$(TARGET_NAME)";
				SWIFT_VERSION = 5.0;
				TARGETED_DEVICE_FAMILY = "1,2";
				TEST_TARGET_NAME = WordTrainer;
			};
			name = Debug;
		};
		B2BAD0212542C58900AF003F /* Release */ = {
			isa = XCBuildConfiguration;
			buildSettings = {
				ALWAYS_EMBED_SWIFT_STANDARD_LIBRARIES = YES;
				CODE_SIGN_STYLE = Automatic;
				DEVELOPMENT_TEAM = 433Y8LVG66;
				INFOPLIST_FILE = WordTrainerUITests/Info.plist;
				LD_RUNPATH_SEARCH_PATHS = (
					"$(inherited)",
					"@executable_path/Frameworks",
					"@loader_path/Frameworks",
				);
				PRODUCT_BUNDLE_IDENTIFIER = com.zuiokandrii.WordTrainerUITests;
				PRODUCT_NAME = "$(TARGET_NAME)";
				SWIFT_VERSION = 5.0;
				TARGETED_DEVICE_FAMILY = "1,2";
				TEST_TARGET_NAME = WordTrainer;
			};
			name = Release;
		};
/* End XCBuildConfiguration section */

/* Begin XCConfigurationList section */
		B2BACFE72542C58700AF003F /* Build configuration list for PBXProject "WordTrainer" */ = {
			isa = XCConfigurationList;
			buildConfigurations = (
				B2BAD0172542C58900AF003F /* Debug */,
				B2BAD0182542C58900AF003F /* Release */,
			);
			defaultConfigurationIsVisible = 0;
			defaultConfigurationName = Release;
		};
		B2BAD0192542C58900AF003F /* Build configuration list for PBXNativeTarget "WordTrainer" */ = {
			isa = XCConfigurationList;
			buildConfigurations = (
				B2BAD01A2542C58900AF003F /* Debug */,
				B2BAD01B2542C58900AF003F /* Release */,
			);
			defaultConfigurationIsVisible = 0;
			defaultConfigurationName = Release;
		};
		B2BAD01C2542C58900AF003F /* Build configuration list for PBXNativeTarget "WordTrainerTests" */ = {
			isa = XCConfigurationList;
			buildConfigurations = (
				B2BAD01D2542C58900AF003F /* Debug */,
				B2BAD01E2542C58900AF003F /* Release */,
			);
			defaultConfigurationIsVisible = 0;
			defaultConfigurationName = Release;
		};
		B2BAD01F2542C58900AF003F /* Build configuration list for PBXNativeTarget "WordTrainerUITests" */ = {
			isa = XCConfigurationList;
			buildConfigurations = (
				B2BAD0202542C58900AF003F /* Debug */,
				B2BAD0212542C58900AF003F /* Release */,
			);
			defaultConfigurationIsVisible = 0;
			defaultConfigurationName = Release;
		};
/* End XCConfigurationList section */

/* Begin XCVersionGroup section */
		B22CFA30254C05A6004C9171 /* WordTrainer.xcdatamodeld */ = {
			isa = XCVersionGroup;
			children = (
				B22CFA31254C05A6004C9171 /* WordTrainer.xcdatamodel */,
			);
			currentVersion = B22CFA31254C05A6004C9171 /* WordTrainer.xcdatamodel */;
			name = WordTrainer.xcdatamodeld;
			path = Helpers/WordTrainer.xcdatamodeld;
			sourceTree = "<group>";
			versionGroupType = wrapper.xcdatamodel;
		};
/* End XCVersionGroup section */
	};
	rootObject = B2BACFE42542C58700AF003F /* Project object */;
}
